
Microsoft Visual Studio Solution File, Format Version 12.00
# Visual Studio Version 17
VisualStudioVersion = 17.8.34309.116
MinimumVisualStudioVersion = 10.0.40219.1
Project("{FAE04EC0-301F-11D3-BF4B-00C04F79EFBC}") = "Lab4", "Lab4.csproj", "{E9716928-04D4-4F5C-80EC-AE96F836159A}"
EndProject
Global
	GlobalSection(SolutionConfigurationPlatforms) = preSolution
		Debug|Any CPU = Debug|Any CPU
		Release|Any CPU = Release|Any CPU
	EndGlobalSection
	GlobalSection(ProjectConfigurationPlatforms) = postSolution
		{E9716928-04D4-4F5C-80EC-AE96F836159A}.Debug|Any CPU.ActiveCfg = Debug|Any CPU
		{E9716928-04D4-4F5C-80EC-AE96F836159A}.Debug|Any CPU.Build.0 = Debug|Any CPU
		{E9716928-04D4-4F5C-80EC-AE96F836159A}.Release|Any CPU.ActiveCfg = Release|Any CPU
		{E9716928-04D4-4F5C-80EC-AE96F836159A}.Release|Any CPU.Build.0 = Release|Any CPU
	EndGlobalSection
	GlobalSection(SolutionProperties) = preSolution
		HideSolutionNode = FALSE
	EndGlobalSection
	GlobalSection(ExtensibilityGlobals) = postSolution
		SolutionGuid = {B8C80A19-58C0-4D37-95C9-0E426C5A679D}
	EndGlobalSection
EndGlobal
